<?xml version="1.0" encoding="utf-8"?>
<Project ToolsVersion="4.0" xmlns="http://schemas.microsoft.com/developer/msbuild/2003">
  <ItemGroup>
    <Filter Include="Source Files">
      <UniqueIdentifier>{4FC737F1-C7A5-4376-A066-2A32D752A2FF}</UniqueIdentifier>
      <Extensions>cpp;c;cc;cxx;c++;cppm;ixx;def;odl;idl;hpj;bat;asm;asmx</Extensions>
    </Filter>
    <Filter Include="Header Files">
      <UniqueIdentifier>{93995380-89BD-4b04-88EB-625FBE52EBFB}</UniqueIdentifier>
      <Extensions>h;hh;hpp;hxx;h++;hm;inl;inc;ipp;xsd</Extensions>
    </Filter>
    <Filter Include="Resource Files">
      <UniqueIdentifier>{67DA6AB6-F800-4c08-8B7A-83BB121AAD01}</UniqueIdentifier>
      <Extensions>rc;ico;cur;bmp;dlg;rc2;rct;bin;rgs;gif;jpg;jpeg;jpe;resx;tiff;tif;png;wav;mfcribbon-ms</Extensions>
    </Filter>
    <Filter Include="Header Files\Window">
      <UniqueIdentifier>{a2f0bb21-0e3e-417a-bec0-199c85404c73}</UniqueIdentifier>
    </Filter>
    <Filter Include="Source Files\Window">
      <UniqueIdentifier>{b66fb85a-48c1-4be3-a8c8-9efecd4fe5d2}</UniqueIdentifier>
    </Filter>
    <Filter Include="Source Files\Helpers">
      <UniqueIdentifier>{581264f9-6ddc-4421-a910-015ce908e8f6}</UniqueIdentifier>
    </Filter>
    <Filter Include="Header Files\Helpers">
      <UniqueIdentifier>{33c526e8-ceb1-49c4-894a-ac779456c065}</UniqueIdentifier>
    </Filter>
    <Filter Include="Header Files\Helpers\Models">
      <UniqueIdentifier>{babea96b-bd3e-4125-a16d-fc541c830924}</UniqueIdentifier>
    </Filter>
    <Filter Include="Source Files\Helpers\Models">
      <UniqueIdentifier>{87bc3371-b0ed-439e-985b-426215dbd8b3}</UniqueIdentifier>
    </Filter>
    <Filter Include="Header Files\Model">
      <UniqueIdentifier>{2b3f8856-23b8-4086-99cc-ebcb3c638041}</UniqueIdentifier>
    </Filter>
    <Filter Include="Source Files\Model">
      <UniqueIdentifier>{732211b3-ba03-467e-b391-599e2c69e717}</UniqueIdentifier>
    </Filter>
    <Filter Include="Resource Files\Textures">
      <UniqueIdentifier>{176b25aa-25e0-476d-8345-c270397e60a8}</UniqueIdentifier>
    </Filter>
    <Filter Include="Resource Files\Models">
      <UniqueIdentifier>{0ccad8c0-ecf7-4a88-8ddb-12b1916e031c}</UniqueIdentifier>
    </Filter>
    <Filter Include="Header Files\Vulkan">
      <UniqueIdentifier>{cae03d21-07ef-4453-8bc7-a3f995e8e942}</UniqueIdentifier>
    </Filter>
    <Filter Include="Header Files\Vulkan\ValidationLayer">
      <UniqueIdentifier>{af49d8be-9329-4be5-833d-58986460e8e2}</UniqueIdentifier>
    </Filter>
    <Filter Include="Source Files\Vulkan">
      <UniqueIdentifier>{12215eb2-e427-4e7e-974e-d4dd9cf3382a}</UniqueIdentifier>
    </Filter>
    <Filter Include="Source Files\Vulkan\ValidationLayer">
      <UniqueIdentifier>{ed873418-0d69-43a7-93d3-43c0eb490d81}</UniqueIdentifier>
    </Filter>
    <Filter Include="Header Files\Configuration">
      <UniqueIdentifier>{0add5750-894d-4570-bbbd-be2c9252f359}</UniqueIdentifier>
    </Filter>
    <Filter Include="Header Files\Utility">
      <UniqueIdentifier>{deeab6ed-d19d-4ebe-ba6b-77dbb6511a2e}</UniqueIdentifier>
    </Filter>
    <Filter Include="Source Files\Utility">
      <UniqueIdentifier>{eafd4908-a6e1-452c-b9a3-4615098c7170}</UniqueIdentifier>
    </Filter>
    <Filter Include="Resource Files\Shaders">
      <UniqueIdentifier>{2deb39e2-8cf4-49e3-ada8-339713e1cef2}</UniqueIdentifier>
    </Filter>
    <Filter Include="Header Files\Vulkan\Devices">
      <UniqueIdentifier>{c320382b-8eea-42cf-a9d0-7e35108651fa}</UniqueIdentifier>
    </Filter>
    <Filter Include="Source Files\Vulkan\Devices">
      <UniqueIdentifier>{bfd88e99-1fc9-48bb-b349-3a25cf7214fd}</UniqueIdentifier>
    </Filter>
    <Filter Include="Source Files\Vulkan\Instances">
      <UniqueIdentifier>{f1133a29-27e8-4993-b92b-ec0454f5618e}</UniqueIdentifier>
    </Filter>
    <Filter Include="Header Files\Vulkan\Instances">
      <UniqueIdentifier>{f56f58f4-dc41-4603-a3cd-8157dd137355}</UniqueIdentifier>
    </Filter>
    <Filter Include="Header Files\Vulkan\Extensions">
      <UniqueIdentifier>{6beb83cf-018d-44d9-ae03-926b7c28fa3a}</UniqueIdentifier>
    </Filter>
    <Filter Include="Source Files\Vulkan\Extension">
      <UniqueIdentifier>{2b7c2a15-6be7-4276-9e6e-3a0ba9b63bb5}</UniqueIdentifier>
    </Filter>
    <Filter Include="Header Files\Vulkan\Debug">
      <UniqueIdentifier>{df35fd79-51db-4161-b173-2da9bb70ca80}</UniqueIdentifier>
    </Filter>
    <Filter Include="Header Files\Helpers\Debug">
      <UniqueIdentifier>{eeeb5467-feaa-496a-82a2-aceb5c4461e2}</UniqueIdentifier>
    </Filter>
    <Filter Include="Source Files\Helpers\Debug">
      <UniqueIdentifier>{6134e84f-71b7-4f3f-9dc5-06f3cecee04c}</UniqueIdentifier>
    </Filter>
    <Filter Include="Source Files\Vulkan\Debug">
      <UniqueIdentifier>{00c12bdf-facb-4fda-885d-5eb54c0e862d}</UniqueIdentifier>
    </Filter>
  </ItemGroup>
  <ItemGroup>
    <ClCompile Include="main.cpp">
      <Filter>Source Files</Filter>
    </ClCompile>
    <ClCompile Include="Window.cpp">
      <Filter>Source Files\Window</Filter>
    </ClCompile>
    <ClCompile Include="ModelHelper.cpp">
      <Filter>Source Files\Helpers\Models</Filter>
    </ClCompile>
    <ClCompile Include="BaseModel.cpp">
      <Filter>Source Files\Model</Filter>
    </ClCompile>
    <ClCompile Include="LogicalDevice.cpp">
      <Filter>Source Files\Vulkan\Devices</Filter>
    </ClCompile>
    <ClCompile Include="ValidationLayer.cpp">
      <Filter>Source Files\Vulkan\ValidationLayer</Filter>
    </ClCompile>
    <ClCompile Include="File.cpp">
      <Filter>Source Files\Utility</Filter>
    </ClCompile>
    <ClCompile Include="PhysicalDevice.cpp">
      <Filter>Source Files\Vulkan\Devices</Filter>
    </ClCompile>
    <ClCompile Include="VulkanInstance.cpp">
      <Filter>Source Files\Vulkan\Instances</Filter>
    </ClCompile>
    <ClCompile Include="VulkanExtension.cpp">
      <Filter>Source Files\Vulkan\Extension</Filter>
    </ClCompile>
    <ClCompile Include="DebugHelpers.cpp">
      <Filter>Source Files\Helpers\Debug</Filter>
    </ClCompile>
    <ClCompile Include="DebugCallbacks.cpp">
      <Filter>Source Files\Vulkan\Debug</Filter>
    </ClCompile>
    <ClCompile Include="DebugMessenger.cpp">
      <Filter>Source Files\Vulkan\Debug</Filter>
    </ClCompile>
    <ClCompile Include="Vulkan.cpp">
      <Filter>Source Files\Vulkan</Filter>
    </ClCompile>
  </ItemGroup>
  <ItemGroup>
    <ClInclude Include="Window.hpp">
      <Filter>Header Files\Window</Filter>
    </ClInclude>
    <ClInclude Include="Framework.hpp">
      <Filter>Header Files</Filter>
    </ClInclude>
    <ClInclude Include="ModelHelper.hpp">
      <Filter>Header Files\Helpers\Models</Filter>
    </ClInclude>
    <ClInclude Include="BaseModel.hpp">
      <Filter>Header Files\Model</Filter>
    </ClInclude>
    <ClInclude Include="LogicalDevice.hpp">
      <Filter>Header Files\Vulkan\Devices</Filter>
    </ClInclude>
    <ClInclude Include="ValidationLayer.hpp">
      <Filter>Header Files\Vulkan\ValidationLayer</Filter>
    </ClInclude>
    <ClInclude Include="Configuration.hpp">
      <Filter>Header Files\Configuration</Filter>
    </ClInclude>
    <ClInclude Include="File.hpp">
      <Filter>Header Files\Utility</Filter>
    </ClInclude>
    <ClInclude Include="PhysicalDevice.hpp">
      <Filter>Header Files\Vulkan\Devices</Filter>
    </ClInclude>
    <ClInclude Include="VulkanInstance.hpp">
      <Filter>Header Files\Vulkan\Instances</Filter>
    </ClInclude>
    <ClInclude Include="VulkanExtension.hpp">
      <Filter>Header Files\Vulkan\Extensions</Filter>
    </ClInclude>
    <ClInclude Include="DebugCallbacks.hpp">
      <Filter>Header Files\Vulkan\Debug</Filter>
    </ClInclude>
    <ClInclude Include="DebugHelpers.hpp">
      <Filter>Header Files\Helpers\Debug</Filter>
    </ClInclude>
    <ClInclude Include="DebugMessenger.hpp">
      <Filter>Header Files\Vulkan\Debug</Filter>
    </ClInclude>
    <ClInclude Include="Vulkan.hpp">
      <Filter>Header Files\Vulkan</Filter>
    </ClInclude>
  </ItemGroup>
  <ItemGroup>
    <None Include="Shader.vert">
      <Filter>Resource Files\Shaders</Filter>
    </None>
    <None Include="Shader.frag">
      <Filter>Resource Files\Shaders</Filter>
    </None>
    <None Include="compile_shader.bat">
      <Filter>Resource Files\Shaders</Filter>
    </None>
  </ItemGroup>
</Project>